
Microsoft Visual Studio Solution File, Format Version 12.00
# Visual Studio Version 17
VisualStudioVersion = 17.12.35514.174
MinimumVisualStudioVersion = 10.0.40219.1
Project("{FAE04EC0-301F-11D3-BF4B-00C04F79EFBC}") = "MagicVilla_VillaAPI", "MagicVilla_VillaAPI\MagicVilla_VillaAPI.csproj", "{0C726779-BA9E-4CAD-9AB8-8E3D79D3B4A2}"
EndProject
Project("{FAE04EC0-301F-11D3-BF4B-00C04F79EFBC}") = "MagicVilla_Web", "MagicVilla_Web\MagicVilla_Web.csproj", "{0A2877D0-E2D7-4FD5-9D8C-0D1DAEE4B948}"
EndProject
Project("{FAE04EC0-301F-11D3-BF4B-00C04F79EFBC}") = "MagicVilla_Utility", "MagicVilla_Utility\MagicVilla_Utility.csproj", "{9DEFB4C1-EB33-4A7F-865A-72A89F88572B}"
EndProject
Global
	GlobalSection(SolutionConfigurationPlatforms) = preSolution
		Debug|Any CPU = Debug|Any CPU
		Release|Any CPU = Release|Any CPU
	EndGlobalSection
	GlobalSection(ProjectConfigurationPlatforms) = postSolution
		{0C726779-BA9E-4CAD-9AB8-8E3D79D3B4A2}.Debug|Any CPU.ActiveCfg = Debug|Any CPU
		{0C726779-BA9E-4CAD-9AB8-8E3D79D3B4A2}.Debug|Any CPU.Build.0 = Debug|Any CPU
		{0C726779-BA9E-4CAD-9AB8-8E3D79D3B4A2}.Release|Any CPU.ActiveCfg = Release|Any CPU
		{0C726779-BA9E-4CAD-9AB8-8E3D79D3B4A2}.Release|Any CPU.Build.0 = Release|Any CPU
		{0A2877D0-E2D7-4FD5-9D8C-0D1DAEE4B948}.Debug|Any CPU.ActiveCfg = Debug|Any CPU
		{0A2877D0-E2D7-4FD5-9D8C-0D1DAEE4B948}.Debug|Any CPU.Build.0 = Debug|Any CPU
		{0A2877D0-E2D7-4FD5-9D8C-0D1DAEE4B948}.Release|Any CPU.ActiveCfg = Release|Any CPU
		{0A2877D0-E2D7-4FD5-9D8C-0D1DAEE4B948}.Release|Any CPU.Build.0 = Release|Any CPU
		{9DEFB4C1-EB33-4A7F-865A-72A89F88572B}.Debug|Any CPU.ActiveCfg = Debug|Any CPU
		{9DEFB4C1-EB33-4A7F-865A-72A89F88572B}.Debug|Any CPU.Build.0 = Debug|Any CPU
		{9DEFB4C1-EB33-4A7F-865A-72A89F88572B}.Release|Any CPU.ActiveCfg = Release|Any CPU
		{9DEFB4C1-EB33-4A7F-865A-72A89F88572B}.Release|Any CPU.Build.0 = Release|Any CPU
	EndGlobalSection
	GlobalSection(SolutionProperties) = preSolution
		HideSolutionNode = FALSE
	EndGlobalSection
EndGlobal
